// !$*UTF8*$!
{
	archiveVersion = 1;
	classes = {
	};
	objectVersion = 77;
	objects = {

/* Begin PBXBuildFile section */
		0207EF25BB05546CCBFEFBB1 /* GlassCard.swift in Sources */ = {isa = PBXBuildFile; fileRef = 17D7EA47DF8FD33E34D5FD50 /* GlassCard.swift */; };
		07F9EA28CA34B08A2D801D87 /* LanDevicesView.swift in Sources */ = {isa = PBXBuildFile; fileRef = B1657FC87DF6B87D3630383B /* LanDevicesView.swift */; };
		082454EBF059FEB0D9C9E13F /* HiddenEntitiesView.swift in Sources */ = {isa = PBXBuildFile; fileRef = ABCADA0CE2EFC36072306864 /* HiddenEntitiesView.swift */; };
		19459707933237366C1F8764 /* ByteLabel.swift in Sources */ = {isa = PBXBuildFile; fileRef = 58A0EEF5B09B3375446F28A3 /* ByteLabel.swift */; };
		1C7E06BBA00154ABC88F28A6 /* ServerConfig.swift in Sources */ = {isa = PBXBuildFile; fileRef = DBA03BA53FCA19A5FC837A71 /* ServerConfig.swift */; };
		2EFEA0E26DAE80214ECCFFB1 /* NTMClient.swift in Sources */ = {isa = PBXBuildFile; fileRef = 6458FB6A66A07ABA491D7270 /* NTMClient.swift */; };
		4457A20C8232DC572A85E6EE /* KnownClient.swift in Sources */ = {isa = PBXBuildFile; fileRef = EAC123A26194FE06C892E2D3 /* KnownClient.swift */; };
		46DE8D2D9524CEA728F84444 /* ManageClientsView.swift in Sources */ = {isa = PBXBuildFile; fileRef = FEA6EA4FF84A8794F3590DA6 /* ManageClientsView.swift */; };
		48315209D5E7961252CF5E5A /* SoftwareUpdatesView.swift in Sources */ = {isa = PBXBuildFile; fileRef = E8B7981FEB4D28879568914A /* SoftwareUpdatesView.swift */; };
		49E7463A91EA3CC9B6E92420 /* AdminViewModel.swift in Sources */ = {isa = PBXBuildFile; fileRef = F9E93A16854FA61F15C35381 /* AdminViewModel.swift */; };
		4B99D0DAA7D714912CD9473F /* DashboardSnapshot.swift in Sources */ = {isa = PBXBuildFile; fileRef = 1786AF78B5E75A6D76546E5A /* DashboardSnapshot.swift */; };
		4D403C078CEAD21BD276FBDA /* LoginView.swift in Sources */ = {isa = PBXBuildFile; fileRef = EE738CC4D345F46C4C02078B /* LoginView.swift */; };
		4DFE4BB50CF99F090A9A1358 /* Color+NTM.swift in Sources */ = {isa = PBXBuildFile; fileRef = 0B4B0DCACE152D40FFA4FDFC /* Color+NTM.swift */; };
		51A423CBD3673630FDA1271A /* ClientHistory.swift in Sources */ = {isa = PBXBuildFile; fileRef = 52BA461F7C032DE25E33F314 /* ClientHistory.swift */; };
		54A0DF1AD9BD5FB42DB914DF /* UpdateManifestSection.swift in Sources */ = {isa = PBXBuildFile; fileRef = C617BBBD2118484AFA984179 /* UpdateManifestSection.swift */; };
		5F64A17A2296ACC9B5EA4AA2 /* NTMDashboardTests.swift in Sources */ = {isa = PBXBuildFile; fileRef = E773E9F0C9DB0A46025AEA74 /* NTMDashboardTests.swift */; };
		623DE09577CF622165B294B1 /* KeychainService.swift in Sources */ = {isa = PBXBuildFile; fileRef = 4D1E5677279246C4C1605702 /* KeychainService.swift */; };
		632D0B9D524E5C07CC719065 /* AdminClient.swift in Sources */ = {isa = PBXBuildFile; fileRef = 62558B3A4CE50A012B81AE85 /* AdminClient.swift */; };
		65B66C2AB9AF202EACF32A69 /* DashboardViewModel.swift in Sources */ = {isa = PBXBuildFile; fileRef = 830D3FF5F84A24DDA5DDD139 /* DashboardViewModel.swift */; };
		6DF4036F974C46E91F6EECFA /* PerClientHistoryView.swift in Sources */ = {isa = PBXBuildFile; fileRef = A415F44E1F81D261F063F3CF /* PerClientHistoryView.swift */; };
		6E34A2628B2BC76C4F570C75 /* InterfacesSection.swift in Sources */ = {isa = PBXBuildFile; fileRef = D4E4AB6ABFBA6D1D0F5090EB /* InterfacesSection.swift */; };
		70D5500660FEEA05B228DEDD /* SettingsView.swift in Sources */ = {isa = PBXBuildFile; fileRef = BEF034F7A2B67BC03C614565 /* SettingsView.swift */; };
		72790598B0FF0170EF68352F /* PasskeyService.swift in Sources */ = {isa = PBXBuildFile; fileRef = 2209ECC4A2BC27EDB6F141C6 /* PasskeyService.swift */; };
		7B91896C02B41E67C75E213C /* LanDevice.swift in Sources */ = {isa = PBXBuildFile; fileRef = 2DC19E4E0E4229D577684AAC /* LanDevice.swift */; };
		7C4CABE83C1777417F5954AC /* MonitorsView.swift in Sources */ = {isa = PBXBuildFile; fileRef = E4E87E0C6C36E9996DB0CFA0 /* MonitorsView.swift */; };
		803EF108D5B6732EC4F13BE5 /* ClientHistoryClient.swift in Sources */ = {isa = PBXBuildFile; fileRef = C36B4420C355C12E6508F842 /* ClientHistoryClient.swift */; };
		8170C0447D586E7C3AB8C218 /* EntityFlow.swift in Sources */ = {isa = PBXBuildFile; fileRef = 9C6C15169CB5FC9E7CBBDA95 /* EntityFlow.swift */; };
		850D564CC1EAEF03722F208F /* DemoServerView.swift in Sources */ = {isa = PBXBuildFile; fileRef = 7582250B685DEAAF5C02E8AC /* DemoServerView.swift */; };
		89D1CF18AC87CA02A3B688B5 /* EntityFlowsSection.swift in Sources */ = {isa = PBXBuildFile; fileRef = 5AB372E094EFED56458E95BD /* EntityFlowsSection.swift */; };
		8F722091EAB8FDFB2A84A997 /* NTMDashboardApp.swift in Sources */ = {isa = PBXBuildFile; fileRef = 39E3B19CB0DD2B03641509F1 /* NTMDashboardApp.swift */; };
		95F73691B23CD8B27906FD24 /* UpdateManifest.swift in Sources */ = {isa = PBXBuildFile; fileRef = 157633DE3976373B39528F5D /* UpdateManifest.swift */; };
		96602BC5101612853F021129 /* ServerInfoFooter.swift in Sources */ = {isa = PBXBuildFile; fileRef = 2FCB77167E16554118A01C98 /* ServerInfoFooter.swift */; };
		9C029F8BCE9FBE3E5E7095D8 /* RegisterDeviceView.swift in Sources */ = {isa = PBXBuildFile; fileRef = 8A28C84A9FAFD2E66259B3B9 /* RegisterDeviceView.swift */; };
		A4530009EEB0116512A9E5F9 /* AdminPasswordSheet.swift in Sources */ = {isa = PBXBuildFile; fileRef = 7CDEC5129C70D4867785C415 /* AdminPasswordSheet.swift */; };
		A5CAE318D2F9ACC241A15574 /* CertificatePinner.swift in Sources */ = {isa = PBXBuildFile; fileRef = 211C120F7F3FAB95364C4930 /* CertificatePinner.swift */; };
		A6DC3789757BD7F4A0B4AF12 /* ProtocolVersion.swift in Sources */ = {isa = PBXBuildFile; fileRef = B4DD610B34BF286883320588 /* ProtocolVersion.swift */; };
		A9C7EF53C5E19D5F89B98D2E /* SectionCard.swift in Sources */ = {isa = PBXBuildFile; fileRef = 53D1261760DC4266421A7B97 /* SectionCard.swift */; };
		B1F7F14FA25EB3CFD90675A8 /* AppNavigation.swift in Sources */ = {isa = PBXBuildFile; fileRef = FA4035AFFE621B90203F451F /* AppNavigation.swift */; };
		B5330ED8E9D503B32B707D09 /* AdminProof.swift in Sources */ = {isa = PBXBuildFile; fileRef = 804A17A45D0AF55FA4B6DCBC /* AdminProof.swift */; };
		B5EABE58EBEB28E9D8E176F1 /* HiddenEntities.swift in Sources */ = {isa = PBXBuildFile; fileRef = ABD263BEB02D15F793F3D940 /* HiddenEntities.swift */; };
		C53E3A35A37173372D67A39D /* ProtoRejectedClient.swift in Sources */ = {isa = PBXBuildFile; fileRef = 8514DAA6EF7557EBA0370386 /* ProtoRejectedClient.swift */; };
		C908F8F4BF3BDFB7E6AC5A61 /* ByteFormatter.swift in Sources */ = {isa = PBXBuildFile; fileRef = 3C5CAAD94CB10A98C2568456 /* ByteFormatter.swift */; };
		CC47CAE2E4A949747D67AEFD /* ClientFilterPicker.swift in Sources */ = {isa = PBXBuildFile; fileRef = AC6735C968505F17A0247019 /* ClientFilterPicker.swift */; };
		D056C6A0D8B89CE2EC94C9A3 /* AuthViewModel.swift in Sources */ = {isa = PBXBuildFile; fileRef = BBAEA321AE693A8B343F6D00 /* AuthViewModel.swift */; };
		D73EE4940DF38C1225EFABAC /* AdminRootView.swift in Sources */ = {isa = PBXBuildFile; fileRef = 5DE65BD89CB2D18E13FBF014 /* AdminRootView.swift */; };
		D7B1527B74C4E45243BB5DDC /* ClientHealthSection.swift in Sources */ = {isa = PBXBuildFile; fileRef = D2CC62CA763A7CB87C6A9285 /* ClientHealthSection.swift */; };
		DC09DBE27FA6174CE4997737 /* ConnectionBar.swift in Sources */ = {isa = PBXBuildFile; fileRef = 1996311C087DD337943D5408 /* ConnectionBar.swift */; };
		E1150CEA5CE76C8881B1AF04 /* SettingsViewModel.swift in Sources */ = {isa = PBXBuildFile; fileRef = FB742ADB09B58A0C223BBED8 /* SettingsViewModel.swift */; };
		E49A3C919A13BB61EBC848C3 /* Assets.xcassets in Resources */ = {isa = PBXBuildFile; fileRef = DCE5CBEE3D0940C4D62A7825 /* Assets.xcassets */; };
		E5A205EF1A0B6AF3C8343095 /* ClientHealth.swift in Sources */ = {isa = PBXBuildFile; fileRef = 14B5DDB449A2E0FBF1884AB5 /* ClientHealth.swift */; };
		E5E542D19AA4586456E3F6BD /* DashboardView.swift in Sources */ = {isa = PBXBuildFile; fileRef = AEAF32526D974799FE55C85A /* DashboardView.swift */; };
		E84BA355775F2E9FE26B0D75 /* RootView.swift in Sources */ = {isa = PBXBuildFile; fileRef = 9B76070D52526C2759667B63 /* RootView.swift */; };
		EC576FBC2AD8ECA6B274F1CB /* InterfaceStat.swift in Sources */ = {isa = PBXBuildFile; fileRef = EEC74B35B28474BABB90D917 /* InterfaceStat.swift */; };
		ED2E6B17D1293C2E0CCABEA1 /* AdminMonitors.swift in Sources */ = {isa = PBXBuildFile; fileRef = C2BB5AF1913223940757E543 /* AdminMonitors.swift */; };
		FC204BDFFB2287D1EC0A694F /* StatBadge.swift in Sources */ = {isa = PBXBuildFile; fileRef = D330C12EF81AF8FB857D866B /* StatBadge.swift */; };
/* End PBXBuildFile section */

/* Begin PBXContainerItemProxy section */
		0BF692FBD089EE7C55D67E78 /* PBXContainerItemProxy */ = {
			isa = PBXContainerItemProxy;
			containerPortal = EDA74CFD6F82A52EA7A17296 /* Project object */;
			proxyType = 1;
			remoteGlobalIDString = 0E137D6916E3DB5CF5308AF0;
			remoteInfo = NTMDashboard;
		};
/* End PBXContainerItemProxy section */

/* Begin PBXFileReference section */
		0B4B0DCACE152D40FFA4FDFC /* Color+NTM.swift */ = {isa = PBXFileReference; lastKnownFileType = sourcecode.swift; path = "Color+NTM.swift"; sourceTree = "<group>"; };
		14B5DDB449A2E0FBF1884AB5 /* ClientHealth.swift */ = {isa = PBXFileReference; lastKnownFileType = sourcecode.swift; path = ClientHealth.swift; sourceTree = "<group>"; };
		157633DE3976373B39528F5D /* UpdateManifest.swift */ = {isa = PBXFileReference; lastKnownFileType = sourcecode.swift; path = UpdateManifest.swift; sourceTree = "<group>"; };
		1786AF78B5E75A6D76546E5A /* DashboardSnapshot.swift */ = {isa = PBXFileReference; lastKnownFileType = sourcecode.swift; path = DashboardSnapshot.swift; sourceTree = "<group>"; };
		17D7EA47DF8FD33E34D5FD50 /* GlassCard.swift */ = {isa = PBXFileReference; lastKnownFileType = sourcecode.swift; path = GlassCard.swift; sourceTree = "<group>"; };
		1996311C087DD337943D5408 /* ConnectionBar.swift */ = {isa = PBXFileReference; lastKnownFileType = sourcecode.swift; path = ConnectionBar.swift; sourceTree = "<group>"; };
		211C120F7F3FAB95364C4930 /* CertificatePinner.swift */ = {isa = PBXFileReference; lastKnownFileType = sourcecode.swift; path = CertificatePinner.swift; sourceTree = "<group>"; };
		2209ECC4A2BC27EDB6F141C6 /* PasskeyService.swift */ = {isa = PBXFileReference; lastKnownFileType = sourcecode.swift; path = PasskeyService.swift; sourceTree = "<group>"; };
		2DC19E4E0E4229D577684AAC /* LanDevice.swift */ = {isa = PBXFileReference; lastKnownFileType = sourcecode.swift; path = LanDevice.swift; sourceTree = "<group>"; };
		2FCB77167E16554118A01C98 /* ServerInfoFooter.swift */ = {isa = PBXFileReference; lastKnownFileType = sourcecode.swift; path = ServerInfoFooter.swift; sourceTree = "<group>"; };
		39E3B19CB0DD2B03641509F1 /* NTMDashboardApp.swift */ = {isa = PBXFileReference; lastKnownFileType = sourcecode.swift; path = NTMDashboardApp.swift; sourceTree = "<group>"; };
		3C5CAAD94CB10A98C2568456 /* ByteFormatter.swift */ = {isa = PBXFileReference; lastKnownFileType = sourcecode.swift; path = ByteFormatter.swift; sourceTree = "<group>"; };
		4D1E5677279246C4C1605702 /* KeychainService.swift */ = {isa = PBXFileReference; lastKnownFileType = sourcecode.swift; path = KeychainService.swift; sourceTree = "<group>"; };
		52BA461F7C032DE25E33F314 /* ClientHistory.swift */ = {isa = PBXFileReference; lastKnownFileType = sourcecode.swift; path = ClientHistory.swift; sourceTree = "<group>"; };
		53D1261760DC4266421A7B97 /* SectionCard.swift */ = {isa = PBXFileReference; lastKnownFileType = sourcecode.swift; path = SectionCard.swift; sourceTree = "<group>"; };
		58A0EEF5B09B3375446F28A3 /* ByteLabel.swift */ = {isa = PBXFileReference; lastKnownFileType = sourcecode.swift; path = ByteLabel.swift; sourceTree = "<group>"; };
		5AB372E094EFED56458E95BD /* EntityFlowsSection.swift */ = {isa = PBXFileReference; lastKnownFileType = sourcecode.swift; path = EntityFlowsSection.swift; sourceTree = "<group>"; };
		5DE65BD89CB2D18E13FBF014 /* AdminRootView.swift */ = {isa = PBXFileReference; lastKnownFileType = sourcecode.swift; path = AdminRootView.swift; sourceTree = "<group>"; };
		62558B3A4CE50A012B81AE85 /* AdminClient.swift */ = {isa = PBXFileReference; lastKnownFileType = sourcecode.swift; path = AdminClient.swift; sourceTree = "<group>"; };
		6458FB6A66A07ABA491D7270 /* NTMClient.swift */ = {isa = PBXFileReference; lastKnownFileType = sourcecode.swift; path = NTMClient.swift; sourceTree = "<group>"; };
		688721A5E912EE5A4A34F568 /* NTMDashboard.app */ = {isa = PBXFileReference; includeInIndex = 0; lastKnownFileType = wrapper.application; path = NTMDashboard.app; sourceTree = BUILT_PRODUCTS_DIR; };
		7582250B685DEAAF5C02E8AC /* DemoServerView.swift */ = {isa = PBXFileReference; lastKnownFileType = sourcecode.swift; path = DemoServerView.swift; sourceTree = "<group>"; };
		7CDEC5129C70D4867785C415 /* AdminPasswordSheet.swift */ = {isa = PBXFileReference; lastKnownFileType = sourcecode.swift; path = AdminPasswordSheet.swift; sourceTree = "<group>"; };
		804A17A45D0AF55FA4B6DCBC /* AdminProof.swift */ = {isa = PBXFileReference; lastKnownFileType = sourcecode.swift; path = AdminProof.swift; sourceTree = "<group>"; };
		830D3FF5F84A24DDA5DDD139 /* DashboardViewModel.swift */ = {isa = PBXFileReference; lastKnownFileType = sourcecode.swift; path = DashboardViewModel.swift; sourceTree = "<group>"; };
		8514DAA6EF7557EBA0370386 /* ProtoRejectedClient.swift */ = {isa = PBXFileReference; lastKnownFileType = sourcecode.swift; path = ProtoRejectedClient.swift; sourceTree = "<group>"; };
		8A28C84A9FAFD2E66259B3B9 /* RegisterDeviceView.swift */ = {isa = PBXFileReference; lastKnownFileType = sourcecode.swift; path = RegisterDeviceView.swift; sourceTree = "<group>"; };
		9B76070D52526C2759667B63 /* RootView.swift */ = {isa = PBXFileReference; lastKnownFileType = sourcecode.swift; path = RootView.swift; sourceTree = "<group>"; };
		9C6C15169CB5FC9E7CBBDA95 /* EntityFlow.swift */ = {isa = PBXFileReference; lastKnownFileType = sourcecode.swift; path = EntityFlow.swift; sourceTree = "<group>"; };
		A415F44E1F81D261F063F3CF /* PerClientHistoryView.swift */ = {isa = PBXFileReference; lastKnownFileType = sourcecode.swift; path = PerClientHistoryView.swift; sourceTree = "<group>"; };
		ABCADA0CE2EFC36072306864 /* HiddenEntitiesView.swift */ = {isa = PBXFileReference; lastKnownFileType = sourcecode.swift; path = HiddenEntitiesView.swift; sourceTree = "<group>"; };
		ABD263BEB02D15F793F3D940 /* HiddenEntities.swift */ = {isa = PBXFileReference; lastKnownFileType = sourcecode.swift; path = HiddenEntities.swift; sourceTree = "<group>"; };
		AC6735C968505F17A0247019 /* ClientFilterPicker.swift */ = {isa = PBXFileReference; lastKnownFileType = sourcecode.swift; path = ClientFilterPicker.swift; sourceTree = "<group>"; };
		AEAF32526D974799FE55C85A /* DashboardView.swift */ = {isa = PBXFileReference; lastKnownFileType = sourcecode.swift; path = DashboardView.swift; sourceTree = "<group>"; };
		B1657FC87DF6B87D3630383B /* LanDevicesView.swift */ = {isa = PBXFileReference; lastKnownFileType = sourcecode.swift; path = LanDevicesView.swift; sourceTree = "<group>"; };
		B4DD610B34BF286883320588 /* ProtocolVersion.swift */ = {isa = PBXFileReference; lastKnownFileType = sourcecode.swift; path = ProtocolVersion.swift; sourceTree = "<group>"; };
		BBAEA321AE693A8B343F6D00 /* AuthViewModel.swift */ = {isa = PBXFileReference; lastKnownFileType = sourcecode.swift; path = AuthViewModel.swift; sourceTree = "<group>"; };
		BD248C46D564AD739F94AEFB /* NTMDashboardTests.xctest */ = {isa = PBXFileReference; includeInIndex = 0; lastKnownFileType = wrapper.cfbundle; path = NTMDashboardTests.xctest; sourceTree = BUILT_PRODUCTS_DIR; };
		BEF034F7A2B67BC03C614565 /* SettingsView.swift */ = {isa = PBXFileReference; lastKnownFileType = sourcecode.swift; path = SettingsView.swift; sourceTree = "<group>"; };
		C2BB5AF1913223940757E543 /* AdminMonitors.swift */ = {isa = PBXFileReference; lastKnownFileType = sourcecode.swift; path = AdminMonitors.swift; sourceTree = "<group>"; };
		C36B4420C355C12E6508F842 /* ClientHistoryClient.swift */ = {isa = PBXFileReference; lastKnownFileType = sourcecode.swift; path = ClientHistoryClient.swift; sourceTree = "<group>"; };
		C617BBBD2118484AFA984179 /* UpdateManifestSection.swift */ = {isa = PBXFileReference; lastKnownFileType = sourcecode.swift; path = UpdateManifestSection.swift; sourceTree = "<group>"; };
		D2CC62CA763A7CB87C6A9285 /* ClientHealthSection.swift */ = {isa = PBXFileReference; lastKnownFileType = sourcecode.swift; path = ClientHealthSection.swift; sourceTree = "<group>"; };
		D330C12EF81AF8FB857D866B /* StatBadge.swift */ = {isa = PBXFileReference; lastKnownFileType = sourcecode.swift; path = StatBadge.swift; sourceTree = "<group>"; };
		D4E4AB6ABFBA6D1D0F5090EB /* InterfacesSection.swift */ = {isa = PBXFileReference; lastKnownFileType = sourcecode.swift; path = InterfacesSection.swift; sourceTree = "<group>"; };
		DBA03BA53FCA19A5FC837A71 /* ServerConfig.swift */ = {isa = PBXFileReference; lastKnownFileType = sourcecode.swift; path = ServerConfig.swift; sourceTree = "<group>"; };
		DCE5CBEE3D0940C4D62A7825 /* Assets.xcassets */ = {isa = PBXFileReference; lastKnownFileType = folder.assetcatalog; path = Assets.xcassets; sourceTree = "<group>"; };
		E4E87E0C6C36E9996DB0CFA0 /* MonitorsView.swift */ = {isa = PBXFileReference; lastKnownFileType = sourcecode.swift; path = MonitorsView.swift; sourceTree = "<group>"; };
		E773E9F0C9DB0A46025AEA74 /* NTMDashboardTests.swift */ = {isa = PBXFileReference; lastKnownFileType = sourcecode.swift; path = NTMDashboardTests.swift; sourceTree = "<group>"; };
		E8B7981FEB4D28879568914A /* SoftwareUpdatesView.swift */ = {isa = PBXFileReference; lastKnownFileType = sourcecode.swift; path = SoftwareUpdatesView.swift; sourceTree = "<group>"; };
		EAC123A26194FE06C892E2D3 /* KnownClient.swift */ = {isa = PBXFileReference; lastKnownFileType = sourcecode.swift; path = KnownClient.swift; sourceTree = "<group>"; };
		EE1B68D7A216B100CA819B4E /* NTMDashboard.entitlements */ = {isa = PBXFileReference; lastKnownFileType = text.plist.entitlements; path = NTMDashboard.entitlements; sourceTree = "<group>"; };
		EE738CC4D345F46C4C02078B /* LoginView.swift */ = {isa = PBXFileReference; lastKnownFileType = sourcecode.swift; path = LoginView.swift; sourceTree = "<group>"; };
		EE96CD2C94C0093025B8331A /* Info.plist */ = {isa = PBXFileReference; lastKnownFileType = text.plist; path = Info.plist; sourceTree = "<group>"; };
		EEC74B35B28474BABB90D917 /* InterfaceStat.swift */ = {isa = PBXFileReference; lastKnownFileType = sourcecode.swift; path = InterfaceStat.swift; sourceTree = "<group>"; };
		F9E93A16854FA61F15C35381 /* AdminViewModel.swift */ = {isa = PBXFileReference; lastKnownFileType = sourcecode.swift; path = AdminViewModel.swift; sourceTree = "<group>"; };
		FA4035AFFE621B90203F451F /* AppNavigation.swift */ = {isa = PBXFileReference; lastKnownFileType = sourcecode.swift; path = AppNavigation.swift; sourceTree = "<group>"; };
		FB742ADB09B58A0C223BBED8 /* SettingsViewModel.swift */ = {isa = PBXFileReference; lastKnownFileType = sourcecode.swift; path = SettingsViewModel.swift; sourceTree = "<group>"; };
		FEA6EA4FF84A8794F3590DA6 /* ManageClientsView.swift */ = {isa = PBXFileReference; lastKnownFileType = sourcecode.swift; path = ManageClientsView.swift; sourceTree = "<group>"; };
/* End PBXFileReference section */

/* Begin PBXGroup section */
		102398FE24EA2FD1A30D06D8 /* NTMDashboard */ = {
			isa = PBXGroup;
			children = (
				EE96CD2C94C0093025B8331A /* Info.plist */,
				EE1B68D7A216B100CA819B4E /* NTMDashboard.entitlements */,
				76EAC266314A943794613E89 /* App */,
				F2D1F14DF25434C612E60716 /* Models */,
				526EA26933B745133F6DACF5 /* Resources */,
				79BD57D260C09D5C9A793D55 /* Services */,
				955E6374CD059955CB28131E /* ViewModels */,
				80A38747EB023B3142F7C71F /* Views */,
			);
			name = NTMDashboard;
			path = NTMDashboard/NTMDashboard;
			sourceTree = "<group>";
		};
		3031EDB83F71264E5AC3CD62 /* Dashboard */ = {
			isa = PBXGroup;
			children = (
				AC6735C968505F17A0247019 /* ClientFilterPicker.swift */,
				D2CC62CA763A7CB87C6A9285 /* ClientHealthSection.swift */,
				AEAF32526D974799FE55C85A /* DashboardView.swift */,
				5AB372E094EFED56458E95BD /* EntityFlowsSection.swift */,
				D4E4AB6ABFBA6D1D0F5090EB /* InterfacesSection.swift */,
				B1657FC87DF6B87D3630383B /* LanDevicesView.swift */,
				A415F44E1F81D261F063F3CF /* PerClientHistoryView.swift */,
				C617BBBD2118484AFA984179 /* UpdateManifestSection.swift */,
			);
			path = Dashboard;
			sourceTree = "<group>";
		};
		3CB18BBF752905CE7AB4E735 /* Components */ = {
			isa = PBXGroup;
			children = (
				3C5CAAD94CB10A98C2568456 /* ByteFormatter.swift */,
				58A0EEF5B09B3375446F28A3 /* ByteLabel.swift */,
				0B4B0DCACE152D40FFA4FDFC /* Color+NTM.swift */,
				1996311C087DD337943D5408 /* ConnectionBar.swift */,
				17D7EA47DF8FD33E34D5FD50 /* GlassCard.swift */,
				53D1261760DC4266421A7B97 /* SectionCard.swift */,
				2FCB77167E16554118A01C98 /* ServerInfoFooter.swift */,
				D330C12EF81AF8FB857D866B /* StatBadge.swift */,
			);
			path = Components;
			sourceTree = "<group>";
		};
		440E3B8D764DAEE40DBE3FA5 /* Products */ = {
			isa = PBXGroup;
			children = (
				688721A5E912EE5A4A34F568 /* NTMDashboard.app */,
				BD248C46D564AD739F94AEFB /* NTMDashboardTests.xctest */,
			);
			name = Products;
			sourceTree = "<group>";
		};
		526EA26933B745133F6DACF5 /* Resources */ = {
			isa = PBXGroup;
			children = (
				DCE5CBEE3D0940C4D62A7825 /* Assets.xcassets */,
			);
			path = Resources;
			sourceTree = "<group>";
		};
		5A8B1A1DF6E40BF8DAD39F7D /* NTMDashboardTests */ = {
			isa = PBXGroup;
			children = (
				E773E9F0C9DB0A46025AEA74 /* NTMDashboardTests.swift */,
			);
			name = NTMDashboardTests;
			path = NTMDashboard/NTMDashboardTests;
			sourceTree = "<group>";
		};
		749002A82F36F356F427EC2F /* Settings */ = {
			isa = PBXGroup;
			children = (
				BEF034F7A2B67BC03C614565 /* SettingsView.swift */,
			);
			path = Settings;
			sourceTree = "<group>";
		};
		76EAC266314A943794613E89 /* App */ = {
			isa = PBXGroup;
			children = (
				39E3B19CB0DD2B03641509F1 /* NTMDashboardApp.swift */,
				9B76070D52526C2759667B63 /* RootView.swift */,
			);
			path = App;
			sourceTree = "<group>";
		};
		79BD57D260C09D5C9A793D55 /* Services */ = {
			isa = PBXGroup;
			children = (
				62558B3A4CE50A012B81AE85 /* AdminClient.swift */,
				804A17A45D0AF55FA4B6DCBC /* AdminProof.swift */,
				211C120F7F3FAB95364C4930 /* CertificatePinner.swift */,
				C36B4420C355C12E6508F842 /* ClientHistoryClient.swift */,
				4D1E5677279246C4C1605702 /* KeychainService.swift */,
				6458FB6A66A07ABA491D7270 /* NTMClient.swift */,
				2209ECC4A2BC27EDB6F141C6 /* PasskeyService.swift */,
				B4DD610B34BF286883320588 /* ProtocolVersion.swift */,
				DBA03BA53FCA19A5FC837A71 /* ServerConfig.swift */,
			);
			path = Services;
			sourceTree = "<group>";
		};
		7C764AF1BA7AC75A75F95A8B /* Admin */ = {
			isa = PBXGroup;
			children = (
				7CDEC5129C70D4867785C415 /* AdminPasswordSheet.swift */,
				5DE65BD89CB2D18E13FBF014 /* AdminRootView.swift */,
				7582250B685DEAAF5C02E8AC /* DemoServerView.swift */,
				ABCADA0CE2EFC36072306864 /* HiddenEntitiesView.swift */,
				FEA6EA4FF84A8794F3590DA6 /* ManageClientsView.swift */,
				E4E87E0C6C36E9996DB0CFA0 /* MonitorsView.swift */,
				E8B7981FEB4D28879568914A /* SoftwareUpdatesView.swift */,
			);
			path = Admin;
			sourceTree = "<group>";
		};
		80A38747EB023B3142F7C71F /* Views */ = {
			isa = PBXGroup;
			children = (
				FA4035AFFE621B90203F451F /* AppNavigation.swift */,
				EE738CC4D345F46C4C02078B /* LoginView.swift */,
				8A28C84A9FAFD2E66259B3B9 /* RegisterDeviceView.swift */,
				7C764AF1BA7AC75A75F95A8B /* Admin */,
				3CB18BBF752905CE7AB4E735 /* Components */,
				3031EDB83F71264E5AC3CD62 /* Dashboard */,
				749002A82F36F356F427EC2F /* Settings */,
			);
			path = Views;
			sourceTree = "<group>";
		};
		955E6374CD059955CB28131E /* ViewModels */ = {
			isa = PBXGroup;
			children = (
				F9E93A16854FA61F15C35381 /* AdminViewModel.swift */,
				BBAEA321AE693A8B343F6D00 /* AuthViewModel.swift */,
				830D3FF5F84A24DDA5DDD139 /* DashboardViewModel.swift */,
				FB742ADB09B58A0C223BBED8 /* SettingsViewModel.swift */,
			);
			path = ViewModels;
			sourceTree = "<group>";
		};
		CBDCFC8CA6203D60C5EAADB2 /* Admin */ = {
			isa = PBXGroup;
			children = (
				C2BB5AF1913223940757E543 /* AdminMonitors.swift */,
				ABD263BEB02D15F793F3D940 /* HiddenEntities.swift */,
				EAC123A26194FE06C892E2D3 /* KnownClient.swift */,
			);
			path = Admin;
			sourceTree = "<group>";
		};
		EE6E1EDE9190E8144BECF130 = {
			isa = PBXGroup;
			children = (
				102398FE24EA2FD1A30D06D8 /* NTMDashboard */,
				5A8B1A1DF6E40BF8DAD39F7D /* NTMDashboardTests */,
				440E3B8D764DAEE40DBE3FA5 /* Products */,
			);
			sourceTree = "<group>";
		};
		F2D1F14DF25434C612E60716 /* Models */ = {
			isa = PBXGroup;
			children = (
				14B5DDB449A2E0FBF1884AB5 /* ClientHealth.swift */,
				52BA461F7C032DE25E33F314 /* ClientHistory.swift */,
				1786AF78B5E75A6D76546E5A /* DashboardSnapshot.swift */,
				9C6C15169CB5FC9E7CBBDA95 /* EntityFlow.swift */,
				EEC74B35B28474BABB90D917 /* InterfaceStat.swift */,
				2DC19E4E0E4229D577684AAC /* LanDevice.swift */,
				8514DAA6EF7557EBA0370386 /* ProtoRejectedClient.swift */,
				157633DE3976373B39528F5D /* UpdateManifest.swift */,
				CBDCFC8CA6203D60C5EAADB2 /* Admin */,
			);
			path = Models;
			sourceTree = "<group>";
		};
/* End PBXGroup section */

/* Begin PBXNativeTarget section */
		0E137D6916E3DB5CF5308AF0 /* NTMDashboard */ = {
			isa = PBXNativeTarget;
			buildConfigurationList = 524A1441376AC97616BB7357 /* Build configuration list for PBXNativeTarget "NTMDashboard" */;
			buildPhases = (
				AC54F4F8A63770978DF7D75C /* Sources */,
				9CDC404916AC197DA653AC34 /* Resources */,
			);
			buildRules = (
			);
			dependencies = (
			);
			name = NTMDashboard;
			packageProductDependencies = (
			);
			productName = NTMDashboard;
			productReference = 688721A5E912EE5A4A34F568 /* NTMDashboard.app */;
			productType = "com.apple.product-type.application";
		};
		218BE0BEB77AD622A4DE82EC /* NTMDashboardTests */ = {
			isa = PBXNativeTarget;
			buildConfigurationList = A501D31FE7044E466E8D1519 /* Build configuration list for PBXNativeTarget "NTMDashboardTests" */;
			buildPhases = (
				54A3E5495279274E6CB476CC /* Sources */,
			);
			buildRules = (
			);
			dependencies = (
				82B2774228002003887D8C9B /* PBXTargetDependency */,
			);
			name = NTMDashboardTests;
			packageProductDependencies = (
			);
			productName = NTMDashboardTests;
			productReference = BD248C46D564AD739F94AEFB /* NTMDashboardTests.xctest */;
			productType = "com.apple.product-type.bundle.unit-test";
		};
/* End PBXNativeTarget section */

/* Begin PBXProject section */
		EDA74CFD6F82A52EA7A17296 /* Project object */ = {
			isa = PBXProject;
			attributes = {
				BuildIndependentTargetsInParallel = YES;
				LastUpgradeCheck = 1430;
				TargetAttributes = {
					0E137D6916E3DB5CF5308AF0 = {
						DevelopmentTeam = W65LG3MSG6;
						ProvisioningStyle = Automatic;
					};
					218BE0BEB77AD622A4DE82EC = {
						DevelopmentTeam = W65LG3MSG6;
					};
				};
			};
			buildConfigurationList = DC17DCF8F811EB84016F2AAA /* Build configuration list for PBXProject "NTMDashboard" */;
			developmentRegion = en;
			hasScannedForEncodings = 0;
			knownRegions = (
				Base,
				en,
			);
			mainGroup = EE6E1EDE9190E8144BECF130;
			minimizedProjectReferenceProxies = 1;
			preferredProjectObjectVersion = 77;
			productRefGroup = 440E3B8D764DAEE40DBE3FA5 /* Products */;
			projectDirPath = "";
			projectRoot = "";
			targets = (
				0E137D6916E3DB5CF5308AF0 /* NTMDashboard */,
				218BE0BEB77AD622A4DE82EC /* NTMDashboardTests */,
			);
		};
/* End PBXProject section */

/* Begin PBXResourcesBuildPhase section */
		9CDC404916AC197DA653AC34 /* Resources */ = {
			isa = PBXResourcesBuildPhase;
			buildActionMask = 2147483647;
			files = (
				E49A3C919A13BB61EBC848C3 /* Assets.xcassets in Resources */,
			);
			runOnlyForDeploymentPostprocessing = 0;
		};
/* End PBXResourcesBuildPhase section */

/* Begin PBXSourcesBuildPhase section */
		54A3E5495279274E6CB476CC /* Sources */ = {
			isa = PBXSourcesBuildPhase;
			buildActionMask = 2147483647;
			files = (
				5F64A17A2296ACC9B5EA4AA2 /* NTMDashboardTests.swift in Sources */,
			);
			runOnlyForDeploymentPostprocessing = 0;
		};
		AC54F4F8A63770978DF7D75C /* Sources */ = {
			isa = PBXSourcesBuildPhase;
			buildActionMask = 2147483647;
			files = (
				632D0B9D524E5C07CC719065 /* AdminClient.swift in Sources */,
				ED2E6B17D1293C2E0CCABEA1 /* AdminMonitors.swift in Sources */,
				A4530009EEB0116512A9E5F9 /* AdminPasswordSheet.swift in Sources */,
				B5330ED8E9D503B32B707D09 /* AdminProof.swift in Sources */,
				D73EE4940DF38C1225EFABAC /* AdminRootView.swift in Sources */,
				49E7463A91EA3CC9B6E92420 /* AdminViewModel.swift in Sources */,
				B1F7F14FA25EB3CFD90675A8 /* AppNavigation.swift in Sources */,
				D056C6A0D8B89CE2EC94C9A3 /* AuthViewModel.swift in Sources */,
				C908F8F4BF3BDFB7E6AC5A61 /* ByteFormatter.swift in Sources */,
				19459707933237366C1F8764 /* ByteLabel.swift in Sources */,
				A5CAE318D2F9ACC241A15574 /* CertificatePinner.swift in Sources */,
				CC47CAE2E4A949747D67AEFD /* ClientFilterPicker.swift in Sources */,
				E5A205EF1A0B6AF3C8343095 /* ClientHealth.swift in Sources */,
				D7B1527B74C4E45243BB5DDC /* ClientHealthSection.swift in Sources */,
				51A423CBD3673630FDA1271A /* ClientHistory.swift in Sources */,
				803EF108D5B6732EC4F13BE5 /* ClientHistoryClient.swift in Sources */,
				4DFE4BB50CF99F090A9A1358 /* Color+NTM.swift in Sources */,
				DC09DBE27FA6174CE4997737 /* ConnectionBar.swift in Sources */,
				4B99D0DAA7D714912CD9473F /* DashboardSnapshot.swift in Sources */,
				E5E542D19AA4586456E3F6BD /* DashboardView.swift in Sources */,
				65B66C2AB9AF202EACF32A69 /* DashboardViewModel.swift in Sources */,
				850D564CC1EAEF03722F208F /* DemoServerView.swift in Sources */,
				8170C0447D586E7C3AB8C218 /* EntityFlow.swift in Sources */,
				89D1CF18AC87CA02A3B688B5 /* EntityFlowsSection.swift in Sources */,
				0207EF25BB05546CCBFEFBB1 /* GlassCard.swift in Sources */,
				B5EABE58EBEB28E9D8E176F1 /* HiddenEntities.swift in Sources */,
				082454EBF059FEB0D9C9E13F /* HiddenEntitiesView.swift in Sources */,
				EC576FBC2AD8ECA6B274F1CB /* InterfaceStat.swift in Sources */,
				6E34A2628B2BC76C4F570C75 /* InterfacesSection.swift in Sources */,
				623DE09577CF622165B294B1 /* KeychainService.swift in Sources */,
				4457A20C8232DC572A85E6EE /* KnownClient.swift in Sources */,
				7B91896C02B41E67C75E213C /* LanDevice.swift in Sources */,
				07F9EA28CA34B08A2D801D87 /* LanDevicesView.swift in Sources */,
				4D403C078CEAD21BD276FBDA /* LoginView.swift in Sources */,
				46DE8D2D9524CEA728F84444 /* ManageClientsView.swift in Sources */,
				7C4CABE83C1777417F5954AC /* MonitorsView.swift in Sources */,
				2EFEA0E26DAE80214ECCFFB1 /* NTMClient.swift in Sources */,
				8F722091EAB8FDFB2A84A997 /* NTMDashboardApp.swift in Sources */,
				72790598B0FF0170EF68352F /* PasskeyService.swift in Sources */,
				6DF4036F974C46E91F6EECFA /* PerClientHistoryView.swift in Sources */,
				C53E3A35A37173372D67A39D /* ProtoRejectedClient.swift in Sources */,
				A6DC3789757BD7F4A0B4AF12 /* ProtocolVersion.swift in Sources */,
				9C029F8BCE9FBE3E5E7095D8 /* RegisterDeviceView.swift in Sources */,
				E84BA355775F2E9FE26B0D75 /* RootView.swift in Sources */,
				A9C7EF53C5E19D5F89B98D2E /* SectionCard.swift in Sources */,
				1C7E06BBA00154ABC88F28A6 /* ServerConfig.swift in Sources */,
				96602BC5101612853F021129 /* ServerInfoFooter.swift in Sources */,
				70D5500660FEEA05B228DEDD /* SettingsView.swift in Sources */,
				E1150CEA5CE76C8881B1AF04 /* SettingsViewModel.swift in Sources */,
				48315209D5E7961252CF5E5A /* SoftwareUpdatesView.swift in Sources */,
				FC204BDFFB2287D1EC0A694F /* StatBadge.swift in Sources */,
				95F73691B23CD8B27906FD24 /* UpdateManifest.swift in Sources */,
				54A0DF1AD9BD5FB42DB914DF /* UpdateManifestSection.swift in Sources */,
			);
			runOnlyForDeploymentPostprocessing = 0;
		};
/* End PBXSourcesBuildPhase section */

/* Begin PBXTargetDependency section */
		82B2774228002003887D8C9B /* PBXTargetDependency */ = {
			isa = PBXTargetDependency;
			target = 0E137D6916E3DB5CF5308AF0 /* NTMDashboard */;
			targetProxy = 0BF692FBD089EE7C55D67E78 /* PBXContainerItemProxy */;
		};
/* End PBXTargetDependency section */

/* Begin XCBuildConfiguration section */
		1A161FBD4DB2DC671E998EC7 /* Release */ = {
			isa = XCBuildConfiguration;
			buildSettings = {
				BUNDLE_LOADER = "$(TEST_HOST)";
				DEVELOPMENT_TEAM = W65LG3MSG6;
				GENERATE_INFOPLIST_FILE = YES;
				IPHONEOS_DEPLOYMENT_TARGET = 18.0;
				LD_RUNPATH_SEARCH_PATHS = (
					"$(inherited)",
					"@executable_path/Frameworks",
					"@loader_path/Frameworks",
				);
				PRODUCT_BUNDLE_IDENTIFIER = com.ntm.NTMDashboardTests;
				SDKROOT = iphoneos;
				SWIFT_STRICT_CONCURRENCY = complete;
				SWIFT_VERSION = 6.0;
				TARGETED_DEVICE_FAMILY = "1,2";
				TEST_HOST = "$(BUILT_PRODUCTS_DIR)/NTMDashboard.app/NTMDashboard";
			};
			name = Release;
		};
		337E90E7D1746AD341070521 /* Debug */ = {
			isa = XCBuildConfiguration;
			buildSettings = {
				ASSETCATALOG_COMPILER_APPICON_NAME = AppIcon;
				ASSETCATALOG_COMPILER_GLOBAL_ACCENT_COLOR_NAME = AccentColor;
				CODE_SIGN_ENTITLEMENTS = NTMDashboard/NTMDashboard/NTMDashboard.entitlements;
				CODE_SIGN_IDENTITY = "iPhone Developer";
				CODE_SIGN_STYLE = Automatic;
				CURRENT_PROJECT_VERSION = 23;
				DEBUG_INFORMATION_FORMAT = dwarf;
				DEVELOPMENT_TEAM = W65LG3MSG6;
				INFOPLIST_FILE = NTMDashboard/NTMDashboard/Info.plist;
				IPHONEOS_DEPLOYMENT_TARGET = 18.0;
				LD_RUNPATH_SEARCH_PATHS = (
					"$(inherited)",
					"@executable_path/Frameworks",
				);
				MARKETING_VERSION = 1.15.0;
				PRODUCT_BUNDLE_IDENTIFIER = com.ntm.NTMDashboard;
				SDKROOT = iphoneos;
				TARGETED_DEVICE_FAMILY = "1,2";
			};
			name = Debug;
		};
		3D2AF6C5BE120CADEAA78D2C /* Debug */ = {
			isa = XCBuildConfiguration;
			buildSettings = {
				ALWAYS_SEARCH_USER_PATHS = NO;
				CLANG_ANALYZER_NONNULL = YES;
				CLANG_ANALYZER_NUMBER_OBJECT_CONVERSION = YES_AGGRESSIVE;
				CLANG_CXX_LANGUAGE_STANDARD = "gnu++14";
				CLANG_CXX_LIBRARY = "libc++";
				CLANG_ENABLE_MODULES = YES;
				CLANG_ENABLE_OBJC_ARC = YES;
				CLANG_ENABLE_OBJC_WEAK = YES;
				CLANG_WARN_BLOCK_CAPTURE_AUTORELEASING = YES;
				CLANG_WARN_BOOL_CONVERSION = YES;
				CLANG_WARN_COMMA = YES;
				CLANG_WARN_CONSTANT_CONVERSION = YES;
				CLANG_WARN_DEPRECATED_OBJC_IMPLEMENTATIONS = YES;
				CLANG_WARN_DIRECT_OBJC_ISA_USAGE = YES_ERROR;
				CLANG_WARN_DOCUMENTATION_COMMENTS = YES;
				CLANG_WARN_EMPTY_BODY = YES;
				CLANG_WARN_ENUM_CONVERSION = YES;
				CLANG_WARN_INFINITE_RECURSION = YES;
				CLANG_WARN_INT_CONVERSION = YES;
				CLANG_WARN_NON_LITERAL_NULL_CONVERSION = YES;
				CLANG_WARN_OBJC_IMPLICIT_RETAIN_SELF = YES;
				CLANG_WARN_OBJC_LITERAL_CONVERSION = YES;
				CLANG_WARN_OBJC_ROOT_CLASS = YES_ERROR;
				CLANG_WARN_QUOTED_INCLUDE_IN_FRAMEWORK_HEADER = YES;
				CLANG_WARN_RANGE_LOOP_ANALYSIS = YES;
				CLANG_WARN_STRICT_PROTOTYPES = YES;
				CLANG_WARN_SUSPICIOUS_MOVE = YES;
				CLANG_WARN_UNGUARDED_AVAILABILITY = YES_AGGRESSIVE;
				CLANG_WARN_UNREACHABLE_CODE = YES;
				CLANG_WARN__DUPLICATE_METHOD_MATCH = YES;
				COPY_PHASE_STRIP = NO;
				DEBUG_INFORMATION_FORMAT = dwarf;
				ENABLE_PREVIEWS = YES;
				ENABLE_STRICT_OBJC_MSGSEND = YES;
				ENABLE_TESTABILITY = YES;
				GCC_C_LANGUAGE_STANDARD = gnu11;
				GCC_DYNAMIC_NO_PIC = NO;
				GCC_NO_COMMON_BLOCKS = YES;
				GCC_OPTIMIZATION_LEVEL = 0;
				GCC_PREPROCESSOR_DEFINITIONS = (
					"$(inherited)",
					"DEBUG=1",
				);
				GCC_WARN_64_TO_32_BIT_CONVERSION = YES;
				GCC_WARN_ABOUT_RETURN_TYPE = YES_ERROR;
				GCC_WARN_UNDECLARED_SELECTOR = YES;
				GCC_WARN_UNINITIALIZED_AUTOS = YES_AGGRESSIVE;
				GCC_WARN_UNUSED_FUNCTION = YES;
				GCC_WARN_UNUSED_VARIABLE = YES;
				IPHONEOS_DEPLOYMENT_TARGET = 18.0;
				MTL_ENABLE_DEBUG_INFO = INCLUDE_SOURCE;
				MTL_FAST_MATH = YES;
				ONLY_ACTIVE_ARCH = YES;
				PRODUCT_NAME = "$(TARGET_NAME)";
				SDKROOT = iphoneos;
				SWIFT_ACTIVE_COMPILATION_CONDITIONS = DEBUG;
				SWIFT_OPTIMIZATION_LEVEL = "-Onone";
				SWIFT_STRICT_CONCURRENCY = complete;
				SWIFT_VERSION = 6.0;
			};
			name = Debug;
		};
		3D7EE66D745536B27CF34F4C /* Release */ = {
			isa = XCBuildConfiguration;
			buildSettings = {
				ASSETCATALOG_COMPILER_APPICON_NAME = AppIcon;
				ASSETCATALOG_COMPILER_GLOBAL_ACCENT_COLOR_NAME = AccentColor;
				CODE_SIGN_ENTITLEMENTS = NTMDashboard/NTMDashboard/NTMDashboard.entitlements;
				CODE_SIGN_IDENTITY = "Apple Distribution: Dong Xue (W65LG3MSG6)";
				CODE_SIGN_STYLE = Automatic;
				CURRENT_PROJECT_VERSION = 23;
				DEBUG_INFORMATION_FORMAT = "dwarf-with-dsym";
				DEVELOPMENT_TEAM = W65LG3MSG6;
				INFOPLIST_FILE = NTMDashboard/NTMDashboard/Info.plist;
				IPHONEOS_DEPLOYMENT_TARGET = 18.0;
				LD_RUNPATH_SEARCH_PATHS = (
					"$(inherited)",
					"@executable_path/Frameworks",
				);
				MARKETING_VERSION = 1.15.0;
				PRODUCT_BUNDLE_IDENTIFIER = com.ntm.NTMDashboard;
				SDKROOT = iphoneos;
				SWIFT_OPTIMIZATION_LEVEL = "-O";
				TARGETED_DEVICE_FAMILY = "1,2";
			};
			name = Release;
		};
		C552DEC28478D3D236A77056 /* Debug */ = {
			isa = XCBuildConfiguration;
			buildSettings = {
				BUNDLE_LOADER = "$(TEST_HOST)";
				DEVELOPMENT_TEAM = W65LG3MSG6;
				GENERATE_INFOPLIST_FILE = YES;
				IPHONEOS_DEPLOYMENT_TARGET = 18.0;
				LD_RUNPATH_SEARCH_PATHS = (
					"$(inherited)",
					"@executable_path/Frameworks",
					"@loader_path/Frameworks",
				);
				PRODUCT_BUNDLE_IDENTIFIER = com.ntm.NTMDashboardTests;
				SDKROOT = iphoneos;
				SWIFT_STRICT_CONCURRENCY = complete;
				SWIFT_VERSION = 6.0;
				TARGETED_DEVICE_FAMILY = "1,2";
				TEST_HOST = "$(BUILT_PRODUCTS_DIR)/NTMDashboard.app/NTMDashboard";
			};
			name = Debug;
		};
		EA87413B782570DBE8C80501 /* Release */ = {
			isa = XCBuildConfiguration;
			buildSettings = {
				ALWAYS_SEARCH_USER_PATHS = NO;
				CLANG_ANALYZER_NONNULL = YES;
				CLANG_ANALYZER_NUMBER_OBJECT_CONVERSION = YES_AGGRESSIVE;
				CLANG_CXX_LANGUAGE_STANDARD = "gnu++14";
				CLANG_CXX_LIBRARY = "libc++";
				CLANG_ENABLE_MODULES = YES;
				CLANG_ENABLE_OBJC_ARC = YES;
				CLANG_ENABLE_OBJC_WEAK = YES;
				CLANG_WARN_BLOCK_CAPTURE_AUTORELEASING = YES;
				CLANG_WARN_BOOL_CONVERSION = YES;
				CLANG_WARN_COMMA = YES;
				CLANG_WARN_CONSTANT_CONVERSION = YES;
				CLANG_WARN_DEPRECATED_OBJC_IMPLEMENTATIONS = YES;
				CLANG_WARN_DIRECT_OBJC_ISA_USAGE = YES_ERROR;
				CLANG_WARN_DOCUMENTATION_COMMENTS = YES;
				CLANG_WARN_EMPTY_BODY = YES;
				CLANG_WARN_ENUM_CONVERSION = YES;
				CLANG_WARN_INFINITE_RECURSION = YES;
				CLANG_WARN_INT_CONVERSION = YES;
				CLANG_WARN_NON_LITERAL_NULL_CONVERSION = YES;
				CLANG_WARN_OBJC_IMPLICIT_RETAIN_SELF = YES;
				CLANG_WARN_OBJC_LITERAL_CONVERSION = YES;
				CLANG_WARN_OBJC_ROOT_CLASS = YES_ERROR;
				CLANG_WARN_QUOTED_INCLUDE_IN_FRAMEWORK_HEADER = YES;
				CLANG_WARN_RANGE_LOOP_ANALYSIS = YES;
				CLANG_WARN_STRICT_PROTOTYPES = YES;
				CLANG_WARN_SUSPICIOUS_MOVE = YES;
				CLANG_WARN_UNGUARDED_AVAILABILITY = YES_AGGRESSIVE;
				CLANG_WARN_UNREACHABLE_CODE = YES;
				CLANG_WARN__DUPLICATE_METHOD_MATCH = YES;
				COPY_PHASE_STRIP = NO;
				DEBUG_INFORMATION_FORMAT = "dwarf-with-dsym";
				ENABLE_NS_ASSERTIONS = NO;
				ENABLE_PREVIEWS = YES;
				ENABLE_STRICT_OBJC_MSGSEND = YES;
				GCC_C_LANGUAGE_STANDARD = gnu11;
				GCC_NO_COMMON_BLOCKS = YES;
				GCC_WARN_64_TO_32_BIT_CONVERSION = YES;
				GCC_WARN_ABOUT_RETURN_TYPE = YES_ERROR;
				GCC_WARN_UNDECLARED_SELECTOR = YES;
				GCC_WARN_UNINITIALIZED_AUTOS = YES_AGGRESSIVE;
				GCC_WARN_UNUSED_FUNCTION = YES;
				GCC_WARN_UNUSED_VARIABLE = YES;
				IPHONEOS_DEPLOYMENT_TARGET = 18.0;
				MTL_ENABLE_DEBUG_INFO = NO;
				MTL_FAST_MATH = YES;
				PRODUCT_NAME = "$(TARGET_NAME)";
				SDKROOT = iphoneos;
				SWIFT_COMPILATION_MODE = wholemodule;
				SWIFT_OPTIMIZATION_LEVEL = "-O";
				SWIFT_STRICT_CONCURRENCY = complete;
				SWIFT_VERSION = 6.0;
			};
			name = Release;
		};
/* End XCBuildConfiguration section */

/* Begin XCConfigurationList section */
		524A1441376AC97616BB7357 /* Build configuration list for PBXNativeTarget "NTMDashboard" */ = {
			isa = XCConfigurationList;
			buildConfigurations = (
				337E90E7D1746AD341070521 /* Debug */,
				3D7EE66D745536B27CF34F4C /* Release */,
			);
			defaultConfigurationIsVisible = 0;
			defaultConfigurationName = Debug;
		};
		A501D31FE7044E466E8D1519 /* Build configuration list for PBXNativeTarget "NTMDashboardTests" */ = {
			isa = XCConfigurationList;
			buildConfigurations = (
				C552DEC28478D3D236A77056 /* Debug */,
				1A161FBD4DB2DC671E998EC7 /* Release */,
			);
			defaultConfigurationIsVisible = 0;
			defaultConfigurationName = Debug;
		};
		DC17DCF8F811EB84016F2AAA /* Build configuration list for PBXProject "NTMDashboard" */ = {
			isa = XCConfigurationList;
			buildConfigurations = (
				3D2AF6C5BE120CADEAA78D2C /* Debug */,
				EA87413B782570DBE8C80501 /* Release */,
			);
			defaultConfigurationIsVisible = 0;
			defaultConfigurationName = Debug;
		};
/* End XCConfigurationList section */
	};
	rootObject = EDA74CFD6F82A52EA7A17296 /* Project object */;
}
